
Microsoft Visual Studio Solution File, Format Version 12.00
# Visual Studio Version 17
VisualStudioVersion = 17.12.35707.178 d17.12
MinimumVisualStudioVersion = 10.0.40219.1
Project("{FAE04EC0-301F-11D3-BF4B-00C04F79EFBC}") = "LoL Companion", "LoL Companion\LoL Companion.csproj", "{9BDEBB4E-0004-4D74-9BC4-2A2DDF1D56C6}"
EndProject
Global
	GlobalSection(SolutionConfigurationPlatforms) = preSolution
		Debug|Any CPU = Debug|Any CPU
		Debug|x64 = Debug|x64
		Release|Any CPU = Release|Any CPU
		Release|x64 = Release|x64
	EndGlobalSection
	GlobalSection(ProjectConfigurationPlatforms) = postSolution
		{9BDEBB4E-0004-4D74-9BC4-2A2DDF1D56C6}.Debug|Any CPU.ActiveCfg = Debug|Any CPU
		{9BDEBB4E-0004-4D74-9BC4-2A2DDF1D56C6}.Debug|Any CPU.Build.0 = Debug|Any CPU
		{9BDEBB4E-0004-4D74-9BC4-2A2DDF1D56C6}.Debug|x64.ActiveCfg = Debug|x64
		{9BDEBB4E-0004-4D74-9BC4-2A2DDF1D56C6}.Debug|x64.Build.0 = Debug|x64
		{9BDEBB4E-0004-4D74-9BC4-2A2DDF1D56C6}.Release|Any CPU.ActiveCfg = Release|Any CPU
		{9BDEBB4E-0004-4D74-9BC4-2A2DDF1D56C6}.Release|Any CPU.Build.0 = Release|Any CPU
		{9BDEBB4E-0004-4D74-9BC4-2A2DDF1D56C6}.Release|x64.ActiveCfg = Release|x64
		{9BDEBB4E-0004-4D74-9BC4-2A2DDF1D56C6}.Release|x64.Build.0 = Release|x64
	EndGlobalSection
	GlobalSection(SolutionProperties) = preSolution
		HideSolutionNode = FALSE
	EndGlobalSection
	GlobalSection(ExtensibilityGlobals) = postSolution
		SolutionGuid = {70BBFF88-16B6-420D-AFC7-AE6E71407890}
	EndGlobalSection
EndGlobal
